github.com/asg017/sqlite-ulid/bindings/go v0.0.0-20230719235740-f4bc3f7d6dcc h1:yASIW7R8HYKeWWirH+5ANUJ+0TNWjZzCWE0+h8LPzkI=
github.com/asg017/sqlite-ulid/bindings/go v0.0.0-20230719235740-f4bc3f7d6dcc/go.mod h1:ktFhuwJaBdbtgBZbEbUT5Ki7KJ9CsAkzDGJlH/GHju4=
github.com/mattn/go-sqlite3 v1.14.17 h1:mCRHCLDUBXgpKAqIKsaAaAsrAlbkeomtRFKXh2L6YIM=
github.com/mattn/go-sqlite3 v1.14.17/go.mod h1:2eHXhiwb8IkHr+BDWZGa96P6+rkvnG63S2DGjv9HUNg=
